// !$*UTF8*$!
{
	archiveVersion = 1;
	classes = {
	};
	objectVersion = 46;
	objects = {

/* Begin PBXBuildFile section */
		6A0BDF2718960308009178B2 /* Foundation.framework in Frameworks */ = {isa = PBXBuildFile; fileRef = 6A0BDF2618960308009178B2 /* Foundation.framework */; };
		6A0BDF2918960308009178B2 /* CoreGraphics.framework in Frameworks */ = {isa = PBXBuildFile; fileRef = 6A0BDF2818960308009178B2 /* CoreGraphics.framework */; };
		6A0BDF2B18960308009178B2 /* UIKit.framework in Frameworks */ = {isa = PBXBuildFile; fileRef = 6A0BDF2A18960308009178B2 /* UIKit.framework */; };
		6A0BDF3118960308009178B2 /* InfoPlist.strings in Resources */ = {isa = PBXBuildFile; fileRef = 6A0BDF2F18960308009178B2 /* InfoPlist.strings */; };
		6A0BDF3318960308009178B2 /* main.m in Sources */ = {isa = PBXBuildFile; fileRef = 6A0BDF3218960308009178B2 /* main.m */; };
		6A0BDF3718960308009178B2 /* AppDelegate.m in Sources */ = {isa = PBXBuildFile; fileRef = 6A0BDF3618960308009178B2 /* AppDelegate.m */; };
		6A0BDF3A18960308009178B2 /* Main.storyboard in Resources */ = {isa = PBXBuildFile; fileRef = 6A0BDF3818960308009178B2 /* Main.storyboard */; };
		6A0BDF3D18960308009178B2 /* ViewController.m in Sources */ = {isa = PBXBuildFile; fileRef = 6A0BDF3C18960308009178B2 /* ViewController.m */; };
		6A0BDF3F18960308009178B2 /* Images.xcassets in Resources */ = {isa = PBXBuildFile; fileRef = 6A0BDF3E18960308009178B2 /* Images.xcassets */; };
		6A0BDF4618960309009178B2 /* XCTest.framework in Frameworks */ = {isa = PBXBuildFile; fileRef = 6A0BDF4518960309009178B2 /* XCTest.framework */; };
		6A0BDF4718960309009178B2 /* Foundation.framework in Frameworks */ = {isa = PBXBuildFile; fileRef = 6A0BDF2618960308009178B2 /* Foundation.framework */; };
		6A0BDF4818960309009178B2 /* UIKit.framework in Frameworks */ = {isa = PBXBuildFile; fileRef = 6A0BDF2A18960308009178B2 /* UIKit.framework */; };
		6A0BDF5018960309009178B2 /* InfoPlist.strings in Resources */ = {isa = PBXBuildFile; fileRef = 6A0BDF4E18960309009178B2 /* InfoPlist.strings */; };
		6A0BDF5218960309009178B2 /* SuperCardTests.m in Sources */ = {isa = PBXBuildFile; fileRef = 6A0BDF5118960309009178B2 /* SuperCardTests.m */; };
		6A0BDF5D189608C4009178B2 /* PlayingCardView.m in Sources */ = {isa = PBXBuildFile; fileRef = 6A0BDF5C189608C4009178B2 /* PlayingCardView.m */; };
		6A0BDF6918962575009178B2 /* Card.m in Sources */ = {isa = PBXBuildFile; fileRef = 6A0BDF6018962575009178B2 /* Card.m */; };
		6A0BDF6B18962575009178B2 /* Deck.m in Sources */ = {isa = PBXBuildFile; fileRef = 6A0BDF6418962575009178B2 /* Deck.m */; };
		6A0BDF6C18962575009178B2 /* PlayingCard.m in Sources */ = {isa = PBXBuildFile; fileRef = 6A0BDF6618962575009178B2 /* PlayingCard.m */; };
		6A0BDF6D18962575009178B2 /* PlayingCardDeck.m in Sources */ = {isa = PBXBuildFile; fileRef = 6A0BDF6818962575009178B2 /* PlayingCardDeck.m */; };
/* End PBXBuildFile section */

/* Begin PBXContainerItemProxy section */
		6A0BDF4918960309009178B2 /* PBXContainerItemProxy */ = {
			isa = PBXContainerItemProxy;
			containerPortal = 6A0BDF1B18960308009178B2 /* Project object */;
			proxyType = 1;
			remoteGlobalIDString = 6A0BDF2218960308009178B2;
			remoteInfo = SuperCard;
		};
/* End PBXContainerItemProxy section */

/* Begin PBXFileReference section */
		6A0BDF2318960308009178B2 /* SuperCard.app */ = {isa = PBXFileReference; explicitFileType = wrapper.application; includeInIndex = 0; path = SuperCard.app; sourceTree = BUILT_PRODUCTS_DIR; };
		6A0BDF2618960308009178B2 /* Foundation.framework */ = {isa = PBXFileReference; lastKnownFileType = wrapper.framework; name = Foundation.framework; path = System/Library/Frameworks/Foundation.framework; sourceTree = SDKROOT; };
		6A0BDF2818960308009178B2 /* CoreGraphics.framework */ = {isa = PBXFileReference; lastKnownFileType = wrapper.framework; name = CoreGraphics.framework; path = System/Library/Frameworks/CoreGraphics.framework; sourceTree = SDKROOT; };
		6A0BDF2A18960308009178B2 /* UIKit.framework */ = {isa = PBXFileReference; lastKnownFileType = wrapper.framework; name = UIKit.framework; path = System/Library/Frameworks/UIKit.framework; sourceTree = SDKROOT; };
		6A0BDF2E18960308009178B2 /* SuperCard-Info.plist */ = {isa = PBXFileReference; lastKnownFileType = text.plist.xml; path = "SuperCard-Info.plist"; sourceTree = "<group>"; };
		6A0BDF3018960308009178B2 /* en */ = {isa = PBXFileReference; lastKnownFileType = text.plist.strings; name = en; path = en.lproj/InfoPlist.strings; sourceTree = "<group>"; };
		6A0BDF3218960308009178B2 /* main.m */ = {isa = PBXFileReference; lastKnownFileType = sourcecode.c.objc; path = main.m; sourceTree = "<group>"; };
		6A0BDF3418960308009178B2 /* SuperCard-Prefix.pch */ = {isa = PBXFileReference; lastKnownFileType = sourcecode.c.h; path = "SuperCard-Prefix.pch"; sourceTree = "<group>"; };
		6A0BDF3518960308009178B2 /* AppDelegate.h */ = {isa = PBXFileReference; lastKnownFileType = sourcecode.c.h; path = AppDelegate.h; sourceTree = "<group>"; };
		6A0BDF3618960308009178B2 /* AppDelegate.m */ = {isa = PBXFileReference; lastKnownFileType = sourcecode.c.objc; path = AppDelegate.m; sourceTree = "<group>"; };
		6A0BDF3918960308009178B2 /* Base */ = {isa = PBXFileReference; lastKnownFileType = file.storyboard; name = Base; path = Base.lproj/Main.storyboard; sourceTree = "<group>"; };
		6A0BDF3B18960308009178B2 /* ViewController.h */ = {isa = PBXFileReference; lastKnownFileType = sourcecode.c.h; path = ViewController.h; sourceTree = "<group>"; };
		6A0BDF3C18960308009178B2 /* ViewController.m */ = {isa = PBXFileReference; lastKnownFileType = sourcecode.c.objc; path = ViewController.m; sourceTree = "<group>"; };
		6A0BDF3E18960308009178B2 /* Images.xcassets */ = {isa = PBXFileReference; lastKnownFileType = folder.assetcatalog; path = Images.xcassets; sourceTree = "<group>"; };
		6A0BDF4418960309009178B2 /* SuperCardTests.xctest */ = {isa = PBXFileReference; explicitFileType = wrapper.cfbundle; includeInIndex = 0; path = SuperCardTests.xctest; sourceTree = BUILT_PRODUCTS_DIR; };
		6A0BDF4518960309009178B2 /* XCTest.framework */ = {isa = PBXFileReference; lastKnownFileType = wrapper.framework; name = XCTest.framework; path = Library/Frameworks/XCTest.framework; sourceTree = DEVELOPER_DIR; };
		6A0BDF4D18960309009178B2 /* SuperCardTests-Info.plist */ = {isa = PBXFileReference; lastKnownFileType = text.plist.xml; path = "SuperCardTests-Info.plist"; sourceTree = "<group>"; };
		6A0BDF4F18960309009178B2 /* en */ = {isa = PBXFileReference; lastKnownFileType = text.plist.strings; name = en; path = en.lproj/InfoPlist.strings; sourceTree = "<group>"; };
		6A0BDF5118960309009178B2 /* SuperCardTests.m */ = {isa = PBXFileReference; lastKnownFileType = sourcecode.c.objc; path = SuperCardTests.m; sourceTree = "<group>"; };
		6A0BDF5B189608C4009178B2 /* PlayingCardView.h */ = {isa = PBXFileReference; fileEncoding = 4; lastKnownFileType = sourcecode.c.h; path = PlayingCardView.h; sourceTree = "<group>"; };
		6A0BDF5C189608C4009178B2 /* PlayingCardView.m */ = {isa = PBXFileReference; fileEncoding = 4; lastKnownFileType = sourcecode.c.objc; path = PlayingCardView.m; sourceTree = "<group>"; };
		6A0BDF5F18962575009178B2 /* Card.h */ = {isa = PBXFileReference; fileEncoding = 4; lastKnownFileType = sourcecode.c.h; path = Card.h; sourceTree = "<group>"; };
		6A0BDF6018962575009178B2 /* Card.m */ = {isa = PBXFileReference; fileEncoding = 4; lastKnownFileType = sourcecode.c.objc; path = Card.m; sourceTree = "<group>"; };
		6A0BDF6318962575009178B2 /* Deck.h */ = {isa = PBXFileReference; fileEncoding = 4; lastKnownFileType = sourcecode.c.h; path = Deck.h; sourceTree = "<group>"; };
		6A0BDF6418962575009178B2 /* Deck.m */ = {isa = PBXFileReference; fileEncoding = 4; lastKnownFileType = sourcecode.c.objc; path = Deck.m; sourceTree = "<group>"; };
		6A0BDF6518962575009178B2 /* PlayingCard.h */ = {isa = PBXFileReference; fileEncoding = 4; lastKnownFileType = sourcecode.c.h; path = PlayingCard.h; sourceTree = "<group>"; };
		6A0BDF6618962575009178B2 /* PlayingCard.m */ = {isa = PBXFileReference; fileEncoding = 4; lastKnownFileType = sourcecode.c.objc; path = PlayingCard.m; sourceTree = "<group>"; };
		6A0BDF6718962575009178B2 /* PlayingCardDeck.h */ = {isa = PBXFileReference; fileEncoding = 4; lastKnownFileType = sourcecode.c.h; path = PlayingCardDeck.h; sourceTree = "<group>"; };
		6A0BDF6818962575009178B2 /* PlayingCardDeck.m */ = {isa = PBXFileReference; fileEncoding = 4; lastKnownFileType = sourcecode.c.objc; path = PlayingCardDeck.m; sourceTree = "<group>"; };
/* End PBXFileReference section */

/* Begin PBXFrameworksBuildPhase section */
		6A0BDF2018960308009178B2 /* Frameworks */ = {
			isa = PBXFrameworksBuildPhase;
			buildActionMask = 2147483647;
			files = (
				6A0BDF2918960308009178B2 /* CoreGraphics.framework in Frameworks */,
				6A0BDF2B18960308009178B2 /* UIKit.framework in Frameworks */,
				6A0BDF2718960308009178B2 /* Foundation.framework in Frameworks */,
			);
			runOnlyForDeploymentPostprocessing = 0;
		};
		6A0BDF4118960309009178B2 /* Frameworks */ = {
			isa = PBXFrameworksBuildPhase;
			buildActionMask = 2147483647;
			files = (
				6A0BDF4618960309009178B2 /* XCTest.framework in Frameworks */,
				6A0BDF4818960309009178B2 /* UIKit.framework in Frameworks */,
				6A0BDF4718960309009178B2 /* Foundation.framework in Frameworks */,
			);
			runOnlyForDeploymentPostprocessing = 0;
		};
/* End PBXFrameworksBuildPhase section */

/* Begin PBXGroup section */
		6A0BDF1A18960308009178B2 = {
			isa = PBXGroup;
			children = (
				6A0BDF2C18960308009178B2 /* SuperCard */,
				6A0BDF4B18960309009178B2 /* SuperCardTests */,
				6A0BDF2518960308009178B2 /* Frameworks */,
				6A0BDF2418960308009178B2 /* Products */,
			);
			sourceTree = "<group>";
		};
		6A0BDF2418960308009178B2 /* Products */ = {
			isa = PBXGroup;
			children = (
				6A0BDF2318960308009178B2 /* SuperCard.app */,
				6A0BDF4418960309009178B2 /* SuperCardTests.xctest */,
			);
			name = Products;
			sourceTree = "<group>";
		};
		6A0BDF2518960308009178B2 /* Frameworks */ = {
			isa = PBXGroup;
			children = (
				6A0BDF2618960308009178B2 /* Foundation.framework */,
				6A0BDF2818960308009178B2 /* CoreGraphics.framework */,
				6A0BDF2A18960308009178B2 /* UIKit.framework */,
				6A0BDF4518960309009178B2 /* XCTest.framework */,
			);
			name = Frameworks;
			sourceTree = "<group>";
		};
		6A0BDF2C18960308009178B2 /* SuperCard */ = {
			isa = PBXGroup;
			children = (
				6A0BDF3818960308009178B2 /* Main.storyboard */,
				6A0BDF5B189608C4009178B2 /* PlayingCardView.h */,
				6A0BDF5C189608C4009178B2 /* PlayingCardView.m */,
				6A0BDF3B18960308009178B2 /* ViewController.h */,
				6A0BDF3C18960308009178B2 /* ViewController.m */,
				6A0BDF3E18960308009178B2 /* Images.xcassets */,
				6A0BDF5E18962575009178B2 /* Model */,
				6A0BDF2D18960308009178B2 /* Supporting Files */,
			);
			path = SuperCard;
			sourceTree = "<group>";
		};
		6A0BDF2D18960308009178B2 /* Supporting Files */ = {
			isa = PBXGroup;
			children = (
				6A0BDF3518960308009178B2 /* AppDelegate.h */,
				6A0BDF3618960308009178B2 /* AppDelegate.m */,
				6A0BDF2E18960308009178B2 /* SuperCard-Info.plist */,
				6A0BDF2F18960308009178B2 /* InfoPlist.strings */,
				6A0BDF3218960308009178B2 /* main.m */,
				6A0BDF3418960308009178B2 /* SuperCard-Prefix.pch */,
			);
			name = "Supporting Files";
			sourceTree = "<group>";
		};
		6A0BDF4B18960309009178B2 /* SuperCardTests */ = {
			isa = PBXGroup;
			children = (
				6A0BDF5118960309009178B2 /* SuperCardTests.m */,
				6A0BDF4C18960309009178B2 /* Supporting Files */,
			);
			path = SuperCardTests;
			sourceTree = "<group>";
		};
		6A0BDF4C18960309009178B2 /* Supporting Files */ = {
			isa = PBXGroup;
			children = (
				6A0BDF4D18960309009178B2 /* SuperCardTests-Info.plist */,
				6A0BDF4E18960309009178B2 /* InfoPlist.strings */,
			);
			name = "Supporting Files";
			sourceTree = "<group>";
		};
		6A0BDF5E18962575009178B2 /* Model */ = {
			isa = PBXGroup;
			children = (
				6A0BDF5F18962575009178B2 /* Card.h */,
				6A0BDF6018962575009178B2 /* Card.m */,
				6A0BDF6318962575009178B2 /* Deck.h */,
				6A0BDF6418962575009178B2 /* Deck.m */,
				6A0BDF6518962575009178B2 /* PlayingCard.h */,
				6A0BDF6618962575009178B2 /* PlayingCard.m */,
				6A0BDF6718962575009178B2 /* PlayingCardDeck.h */,
				6A0BDF6818962575009178B2 /* PlayingCardDeck.m */,
			);
			path = Model;
			sourceTree = "<group>";
		};
/* End PBXGroup section */

/* Begin PBXNativeTarget section */
		6A0BDF2218960308009178B2 /* SuperCard */ = {
			isa = PBXNativeTarget;
			buildConfigurationList = 6A0BDF5518960309009178B2 /* Build configuration list for PBXNativeTarget "SuperCard" */;
			buildPhases = (
				6A0BDF1F18960308009178B2 /* Sources */,
				6A0BDF2018960308009178B2 /* Frameworks */,
				6A0BDF2118960308009178B2 /* Resources */,
			);
			buildRules = (
			);
			dependencies = (
			);
			name = SuperCard;
			productName = SuperCard;
			productReference = 6A0BDF2318960308009178B2 /* SuperCard.app */;
			productType = "com.apple.product-type.application";
		};
		6A0BDF4318960309009178B2 /* SuperCardTests */ = {
			isa = PBXNativeTarget;
			buildConfigurationList = 6A0BDF5818960309009178B2 /* Build configuration list for PBXNativeTarget "SuperCardTests" */;
			buildPhases = (
				6A0BDF4018960309009178B2 /* Sources */,
				6A0BDF4118960309009178B2 /* Frameworks */,
				6A0BDF4218960309009178B2 /* Resources */,
			);
			buildRules = (
			);
			dependencies = (
				6A0BDF4A18960309009178B2 /* PBXTargetDependency */,
			);
			name = SuperCardTests;
			productName = SuperCardTests;
			productReference = 6A0BDF4418960309009178B2 /* SuperCardTests.xctest */;
			productType = "com.apple.product-type.bundle.unit-test";
		};
/* End PBXNativeTarget section */

/* Begin PBXProject section */
		6A0BDF1B18960308009178B2 /* Project object */ = {
			isa = PBXProject;
			attributes = {
				LastUpgradeCheck = 0500;
				ORGANIZATIONNAME = "Denis C de Azevedo";
				TargetAttributes = {
					6A0BDF4318960309009178B2 = {
						TestTargetID = 6A0BDF2218960308009178B2;
					};
				};
			};
			buildConfigurationList = 6A0BDF1E18960308009178B2 /* Build configuration list for PBXProject "SuperCard" */;
			compatibilityVersion = "Xcode 3.2";
			developmentRegion = English;
			hasScannedForEncodings = 0;
			knownRegions = (
				en,
				Base,
			);
			mainGroup = 6A0BDF1A18960308009178B2;
			productRefGroup = 6A0BDF2418960308009178B2 /* Products */;
			projectDirPath = "";
			projectRoot = "";
			targets = (
				6A0BDF2218960308009178B2 /* SuperCard */,
				6A0BDF4318960309009178B2 /* SuperCardTests */,
			);
		};
/* End PBXProject section */

/* Begin PBXResourcesBuildPhase section */
		6A0BDF2118960308009178B2 /* Resources */ = {
			isa = PBXResourcesBuildPhase;
			buildActionMask = 2147483647;
			files = (
				6A0BDF3F18960308009178B2 /* Images.xcassets in Resources */,
				6A0BDF3118960308009178B2 /* InfoPlist.strings in Resources */,
				6A0BDF3A18960308009178B2 /* Main.storyboard in Resources */,
			);
			runOnlyForDeploymentPostprocessing = 0;
		};
		6A0BDF4218960309009178B2 /* Resources */ = {
			isa = PBXResourcesBuildPhase;
			buildActionMask = 2147483647;
			files = (
				6A0BDF5018960309009178B2 /* InfoPlist.strings in Resources */,
			);
			runOnlyForDeploymentPostprocessing = 0;
		};
/* End PBXResourcesBuildPhase section */

/* Begin PBXSourcesBuildPhase section */
		6A0BDF1F18960308009178B2 /* Sources */ = {
			isa = PBXSourcesBuildPhase;
			buildActionMask = 2147483647;
			files = (
				6A0BDF6D18962575009178B2 /* PlayingCardDeck.m in Sources */,
				6A0BDF6B18962575009178B2 /* Deck.m in Sources */,
				6A0BDF6918962575009178B2 /* Card.m in Sources */,
				6A0BDF3D18960308009178B2 /* ViewController.m in Sources */,
				6A0BDF5D189608C4009178B2 /* PlayingCardView.m in Sources */,
				6A0BDF3718960308009178B2 /* AppDelegate.m in Sources */,
				6A0BDF6C18962575009178B2 /* PlayingCard.m in Sources */,
				6A0BDF3318960308009178B2 /* main.m in Sources */,
			);
			runOnlyForDeploymentPostprocessing = 0;
		};
		6A0BDF4018960309009178B2 /* Sources */ = {
			isa = PBXSourcesBuildPhase;
			buildActionMask = 2147483647;
			files = (
				6A0BDF5218960309009178B2 /* SuperCardTests.m in Sources */,
			);
			runOnlyForDeploymentPostprocessing = 0;
		};
/* End PBXSourcesBuildPhase section */

/* Begin PBXTargetDependency section */
		6A0BDF4A18960309009178B2 /* PBXTargetDependency */ = {
			isa = PBXTargetDependency;
			target = 6A0BDF2218960308009178B2 /* SuperCard */;
			targetProxy = 6A0BDF4918960309009178B2 /* PBXContainerItemProxy */;
		};
/* End PBXTargetDependency section */

/* Begin PBXVariantGroup section */
		6A0BDF2F18960308009178B2 /* InfoPlist.strings */ = {
			isa = PBXVariantGroup;
			children = (
				6A0BDF3018960308009178B2 /* en */,
			);
			name = InfoPlist.strings;
			sourceTree = "<group>";
		};
		6A0BDF3818960308009178B2 /* Main.storyboard */ = {
			isa = PBXVariantGroup;
			children = (
				6A0BDF3918960308009178B2 /* Base */,
			);
			name = Main.storyboard;
			sourceTree = "<group>";
		};
		6A0BDF4E18960309009178B2 /* InfoPlist.strings */ = {
			isa = PBXVariantGroup;
			children = (
				6A0BDF4F18960309009178B2 /* en */,
			);
			name = InfoPlist.strings;
			sourceTree = "<group>";
		};
/* End PBXVariantGroup section */

/* Begin XCBuildConfiguration section */
		6A0BDF5318960309009178B2 /* Debug */ = {
			isa = XCBuildConfiguration;
			buildSettings = {
				ALWAYS_SEARCH_USER_PATHS = NO;
				ARCHS = "$(ARCHS_STANDARD_INCLUDING_64_BIT)";
				CLANG_CXX_LANGUAGE_STANDARD = "gnu++0x";
				CLANG_CXX_LIBRARY = "libc++";
				CLANG_ENABLE_MODULES = YES;
				CLANG_ENABLE_OBJC_ARC = YES;
				CLANG_WARN_BOOL_CONVERSION = YES;
				CLANG_WARN_CONSTANT_CONVERSION = YES;
				CLANG_WARN_DIRECT_OBJC_ISA_USAGE = YES_ERROR;
				CLANG_WARN_EMPTY_BODY = YES;
				CLANG_WARN_ENUM_CONVERSION = YES;
				CLANG_WARN_INT_CONVERSION = YES;
				CLANG_WARN_OBJC_ROOT_CLASS = YES_ERROR;
				CLANG_WARN__DUPLICATE_METHOD_MATCH = YES;
				"CODE_SIGN_IDENTITY[sdk=iphoneos*]" = "iPhone Developer";
				COPY_PHASE_STRIP = NO;
				GCC_C_LANGUAGE_STANDARD = gnu99;
				GCC_DYNAMIC_NO_PIC = NO;
				GCC_OPTIMIZATION_LEVEL = 0;
				GCC_PREPROCESSOR_DEFINITIONS = (
					"DEBUG=1",
					"$(inherited)",
				);
				GCC_SYMBOLS_PRIVATE_EXTERN = NO;
				GCC_WARN_64_TO_32_BIT_CONVERSION = YES;
				GCC_WARN_ABOUT_RETURN_TYPE = YES_ERROR;
				GCC_WARN_UNDECLARED_SELECTOR = YES;
				GCC_WARN_UNINITIALIZED_AUTOS = YES;
				GCC_WARN_UNUSED_FUNCTION = YES;
				GCC_WARN_UNUSED_VARIABLE = YES;
				IPHONEOS_DEPLOYMENT_TARGET = 7.0;
				ONLY_ACTIVE_ARCH = YES;
				SDKROOT = iphoneos;
			};
			name = Debug;
		};
		6A0BDF5418960309009178B2 /* Release */ = {
			isa = XCBuildConfiguration;
			buildSettings = {
				ALWAYS_SEARCH_USER_PATHS = NO;
				ARCHS = "$(ARCHS_STANDARD_INCLUDING_64_BIT)";
				CLANG_CXX_LANGUAGE_STANDARD = "gnu++0x";
				CLANG_CXX_LIBRARY = "libc++";
				CLANG_ENABLE_MODULES = YES;
				CLANG_ENABLE_OBJC_ARC = YES;
				CLANG_WARN_BOOL_CONVERSION = YES;
				CLANG_WARN_CONSTANT_CONVERSION = YES;
				CLANG_WARN_DIRECT_OBJC_ISA_USAGE = YES_ERROR;
				CLANG_WARN_EMPTY_BODY = YES;
				CLANG_WARN_ENUM_CONVERSION = YES;
				CLANG_WARN_INT_CONVERSION = YES;
				CLANG_WARN_OBJC_ROOT_CLASS = YES_ERROR;
				CLANG_WARN__DUPLICATE_METHOD_MATCH = YES;
				"CODE_SIGN_IDENTITY[sdk=iphoneos*]" = "iPhone Developer";
				COPY_PHASE_STRIP = YES;
				ENABLE_NS_ASSERTIONS = NO;
				GCC_C_LANGUAGE_STANDARD = gnu99;
				GCC_WARN_64_TO_32_BIT_CONVERSION = YES;
				GCC_WARN_ABOUT_RETURN_TYPE = YES_ERROR;
				GCC_WARN_UNDECLARED_SELECTOR = YES;
				GCC_WARN_UNINITIALIZED_AUTOS = YES;
				GCC_WARN_UNUSED_FUNCTION = YES;
				GCC_WARN_UNUSED_VARIABLE = YES;
				IPHONEOS_DEPLOYMENT_TARGET = 7.0;
				SDKROOT = iphoneos;
				VALIDATE_PRODUCT = YES;
			};
			name = Release;
		};
		6A0BDF5618960309009178B2 /* Debug */ = {
			isa = XCBuildConfiguration;
			buildSettings = {
				ASSETCATALOG_COMPILER_APPICON_NAME = AppIcon;
				ASSETCATALOG_COMPILER_LAUNCHIMAGE_NAME = LaunchImage;
				GCC_PRECOMPILE_PREFIX_HEADER = YES;
				GCC_PREFIX_HEADER = "SuperCard/SuperCard-Prefix.pch";
				INFOPLIST_FILE = "SuperCard/SuperCard-Info.plist";
				PRODUCT_NAME = "$(TARGET_NAME)";
				WRAPPER_EXTENSION = app;
			};
			name = Debug;
		};
		6A0BDF5718960309009178B2 /* Release */ = {
			isa = XCBuildConfiguration;
			buildSettings = {
				ASSETCATALOG_COMPILER_APPICON_NAME = AppIcon;
				ASSETCATALOG_COMPILER_LAUNCHIMAGE_NAME = LaunchImage;
				GCC_PRECOMPILE_PREFIX_HEADER = YES;
				GCC_PREFIX_HEADER = "SuperCard/SuperCard-Prefix.pch";
				INFOPLIST_FILE = "SuperCard/SuperCard-Info.plist";
				PRODUCT_NAME = "$(TARGET_NAME)";
				WRAPPER_EXTENSION = app;
			};
			name = Release;
		};
		6A0BDF5918960309009178B2 /* Debug */ = {
			isa = XCBuildConfiguration;
			buildSettings = {
				ARCHS = "$(ARCHS_STANDARD_INCLUDING_64_BIT)";
				BUNDLE_LOADER = "$(BUILT_PRODUCTS_DIR)/SuperCard.app/SuperCard";
				FRAMEWORK_SEARCH_PATHS = (
					"$(SDKROOT)/Developer/Library/Frameworks",
					"$(inherited)",
					"$(DEVELOPER_FRAMEWORKS_DIR)",
				);
				GCC_PRECOMPILE_PREFIX_HEADER = YES;
				GCC_PREFIX_HEADER = "SuperCard/SuperCard-Prefix.pch";
				GCC_PREPROCESSOR_DEFINITIONS = (
					"DEBUG=1",
					"$(inherited)",
				);
				INFOPLIST_FILE = "SuperCardTests/SuperCardTests-Info.plist";
				PRODUCT_NAME = "$(TARGET_NAME)";
				TEST_HOST = "$(BUNDLE_LOADER)";
				WRAPPER_EXTENSION = xctest;
			};
			name = Debug;
		};
		6A0BDF5A18960309009178B2 /* Release */ = {
			isa = XCBuildConfiguration;
			buildSettings = {
				ARCHS = "$(ARCHS_STANDARD_INCLUDING_64_BIT)";
				BUNDLE_LOADER = "$(BUILT_PRODUCTS_DIR)/SuperCard.app/SuperCard";
				FRAMEWORK_SEARCH_PATHS = (
					"$(SDKROOT)/Developer/Library/Frameworks",
					"$(inherited)",
					"$(DEVELOPER_FRAMEWORKS_DIR)",
				);
				GCC_PRECOMPILE_PREFIX_HEADER = YES;
				GCC_PREFIX_HEADER = "SuperCard/SuperCard-Prefix.pch";
				INFOPLIST_FILE = "SuperCardTests/SuperCardTests-Info.plist";
				PRODUCT_NAME = "$(TARGET_NAME)";
				TEST_HOST = "$(BUNDLE_LOADER)";
				WRAPPER_EXTENSION = xctest;
			};
			name = Release;
		};
/* End XCBuildConfiguration section */

/* Begin XCConfigurationList section */
		6A0BDF1E18960308009178B2 /* Build configuration list for PBXProject "SuperCard" */ = {
			isa = XCConfigurationList;
			buildConfigurations = (
				6A0BDF5318960309009178B2 /* Debug */,
				6A0BDF5418960309009178B2 /* Release */,
			);
			defaultConfigurationIsVisible = 0;
			defaultConfigurationName = Release;
		};
		6A0BDF5518960309009178B2 /* Build configuration list for PBXNativeTarget "SuperCard" */ = {
			isa = XCConfigurationList;
			buildConfigurations = (
				6A0BDF5618960309009178B2 /* Debug */,
				6A0BDF5718960309009178B2 /* Release */,
			);
			defaultConfigurationIsVisible = 0;
		};
		6A0BDF5818960309009178B2 /* Build configuration list for PBXNativeTarget "SuperCardTests" */ = {
			isa = XCConfigurationList;
			buildConfigurations = (
				6A0BDF5918960309009178B2 /* Debug */,
				6A0BDF5A18960309009178B2 /* Release */,
			);
			defaultConfigurationIsVisible = 0;
		};
/* End XCConfigurationList section */
	};
	rootObject = 6A0BDF1B18960308009178B2 /* Project object */;
}
